// !$*UTF8*$!
{
	archiveVersion = 1;
	classes = {
	};
	objectVersion = 46;
	objects = {

/* Begin PBXBuildFile section */
		78A7B56016F010A3002AC2CE /* UIKit.framework in Frameworks */ = {isa = PBXBuildFile; fileRef = 78A7B55F16F010A3002AC2CE /* UIKit.framework */; };
		78A7B56216F010A3002AC2CE /* Foundation.framework in Frameworks */ = {isa = PBXBuildFile; fileRef = 78A7B56116F010A3002AC2CE /* Foundation.framework */; };
		78A7B56416F010A3002AC2CE /* CoreGraphics.framework in Frameworks */ = {isa = PBXBuildFile; fileRef = 78A7B56316F010A3002AC2CE /* CoreGraphics.framework */; };
		78A7B56A16F010A3002AC2CE /* InfoPlist.strings in Resources */ = {isa = PBXBuildFile; fileRef = 78A7B56816F010A3002AC2CE /* InfoPlist.strings */; };
		78A7B56C16F010A3002AC2CE /* main.m in Sources */ = {isa = PBXBuildFile; fileRef = 78A7B56B16F010A3002AC2CE /* main.m */; };
		78A7B57016F010A3002AC2CE /* PuzzleAppDelegate.m in Sources */ = {isa = PBXBuildFile; fileRef = 78A7B56F16F010A3002AC2CE /* PuzzleAppDelegate.m */; };
		78A7B57216F010A3002AC2CE /* Default.png in Resources */ = {isa = PBXBuildFile; fileRef = 78A7B57116F010A3002AC2CE /* Default.png */; };
		78A7B57416F010A3002AC2CE /* Default@2x.png in Resources */ = {isa = PBXBuildFile; fileRef = 78A7B57316F010A3002AC2CE /* Default@2x.png */; };
		78A7B57616F010A3002AC2CE /* Default-568h@2x.png in Resources */ = {isa = PBXBuildFile; fileRef = 78A7B57516F010A3002AC2CE /* Default-568h@2x.png */; };
		78A7B57E16F0189C002AC2CE /* View.m in Sources */ = {isa = PBXBuildFile; fileRef = 78A7B57D16F0189C002AC2CE /* View.m */; };
		78A7B58116F018CC002AC2CE /* TileView.m in Sources */ = {isa = PBXBuildFile; fileRef = 78A7B58016F018CC002AC2CE /* TileView.m */; };
		78A7B58B16F024F7002AC2CE /* 00.png in Resources */ = {isa = PBXBuildFile; fileRef = 78A7B58216F024F7002AC2CE /* 00.png */; };
		78A7B58C16F024F7002AC2CE /* 01.png in Resources */ = {isa = PBXBuildFile; fileRef = 78A7B58316F024F7002AC2CE /* 01.png */; };
		78A7B58D16F024F7002AC2CE /* 02.png in Resources */ = {isa = PBXBuildFile; fileRef = 78A7B58416F024F7002AC2CE /* 02.png */; };
		78A7B58E16F024F7002AC2CE /* 10.png in Resources */ = {isa = PBXBuildFile; fileRef = 78A7B58516F024F7002AC2CE /* 10.png */; };
		78A7B58F16F024F7002AC2CE /* 11.png in Resources */ = {isa = PBXBuildFile; fileRef = 78A7B58616F024F7002AC2CE /* 11.png */; };
		78A7B59016F024F7002AC2CE /* 12.png in Resources */ = {isa = PBXBuildFile; fileRef = 78A7B58716F024F7002AC2CE /* 12.png */; };
		78A7B59116F024F7002AC2CE /* 20.png in Resources */ = {isa = PBXBuildFile; fileRef = 78A7B58816F024F7002AC2CE /* 20.png */; };
		78A7B59216F024F7002AC2CE /* 21.png in Resources */ = {isa = PBXBuildFile; fileRef = 78A7B58916F024F7002AC2CE /* 21.png */; };
		78A7B59316F024F7002AC2CE /* 22.png in Resources */ = {isa = PBXBuildFile; fileRef = 78A7B58A16F024F7002AC2CE /* 22.png */; };
		78A7B59516F0320F002AC2CE /* chinese.mp3 in Resources */ = {isa = PBXBuildFile; fileRef = 78A7B59416F0320F002AC2CE /* chinese.mp3 */; };
		78A7B59716F03321002AC2CE /* AudioToolbox.framework in Frameworks */ = {isa = PBXBuildFile; fileRef = 78A7B59616F03321002AC2CE /* AudioToolbox.framework */; };
/* End PBXBuildFile section */

/* Begin PBXFileReference section */
		78A7B55C16F010A3002AC2CE /* MyPuzzle.app */ = {isa = PBXFileReference; explicitFileType = wrapper.application; includeInIndex = 0; path = MyPuzzle.app; sourceTree = BUILT_PRODUCTS_DIR; };
		78A7B55F16F010A3002AC2CE /* UIKit.framework */ = {isa = PBXFileReference; lastKnownFileType = wrapper.framework; name = UIKit.framework; path = System/Library/Frameworks/UIKit.framework; sourceTree = SDKROOT; };
		78A7B56116F010A3002AC2CE /* Foundation.framework */ = {isa = PBXFileReference; lastKnownFileType = wrapper.framework; name = Foundation.framework; path = System/Library/Frameworks/Foundation.framework; sourceTree = SDKROOT; };
		78A7B56316F010A3002AC2CE /* CoreGraphics.framework */ = {isa = PBXFileReference; lastKnownFileType = wrapper.framework; name = CoreGraphics.framework; path = System/Library/Frameworks/CoreGraphics.framework; sourceTree = SDKROOT; };
		78A7B56716F010A3002AC2CE /* MyPuzzle-Info.plist */ = {isa = PBXFileReference; lastKnownFileType = text.plist.xml; path = "MyPuzzle-Info.plist"; sourceTree = "<group>"; };
		78A7B56916F010A3002AC2CE /* en */ = {isa = PBXFileReference; lastKnownFileType = text.plist.strings; name = en; path = en.lproj/InfoPlist.strings; sourceTree = "<group>"; };
		78A7B56B16F010A3002AC2CE /* main.m */ = {isa = PBXFileReference; lastKnownFileType = sourcecode.c.objc; path = main.m; sourceTree = "<group>"; };
		78A7B56D16F010A3002AC2CE /* MyPuzzle-Prefix.pch */ = {isa = PBXFileReference; lastKnownFileType = sourcecode.c.h; path = "MyPuzzle-Prefix.pch"; sourceTree = "<group>"; };
		78A7B56E16F010A3002AC2CE /* PuzzleAppDelegate.h */ = {isa = PBXFileReference; lastKnownFileType = sourcecode.c.h; path = PuzzleAppDelegate.h; sourceTree = "<group>"; };
		78A7B56F16F010A3002AC2CE /* PuzzleAppDelegate.m */ = {isa = PBXFileReference; lastKnownFileType = sourcecode.c.objc; path = PuzzleAppDelegate.m; sourceTree = "<group>"; };
		78A7B57116F010A3002AC2CE /* Default.png */ = {isa = PBXFileReference; lastKnownFileType = image.png; path = Default.png; sourceTree = "<group>"; };
		78A7B57316F010A3002AC2CE /* Default@2x.png */ = {isa = PBXFileReference; lastKnownFileType = image.png; path = "Default@2x.png"; sourceTree = "<group>"; };
		78A7B57516F010A3002AC2CE /* Default-568h@2x.png */ = {isa = PBXFileReference; lastKnownFileType = image.png; path = "Default-568h@2x.png"; sourceTree = "<group>"; };
		78A7B57C16F0189C002AC2CE /* View.h */ = {isa = PBXFileReference; fileEncoding = 4; lastKnownFileType = sourcecode.c.h; path = View.h; sourceTree = "<group>"; };
		78A7B57D16F0189C002AC2CE /* View.m */ = {isa = PBXFileReference; fileEncoding = 4; lastKnownFileType = sourcecode.c.objc; path = View.m; sourceTree = "<group>"; };
		78A7B57F16F018CC002AC2CE /* TileView.h */ = {isa = PBXFileReference; fileEncoding = 4; lastKnownFileType = sourcecode.c.h; path = TileView.h; sourceTree = "<group>"; };
		78A7B58016F018CC002AC2CE /* TileView.m */ = {isa = PBXFileReference; fileEncoding = 4; lastKnownFileType = sourcecode.c.objc; path = TileView.m; sourceTree = "<group>"; };
		78A7B58216F024F7002AC2CE /* 00.png */ = {isa = PBXFileReference; lastKnownFileType = image.png; name = 00.png; path = ../../../Downloads/Puzzle/00.png; sourceTree = "<group>"; };
		78A7B58316F024F7002AC2CE /* 01.png */ = {isa = PBXFileReference; lastKnownFileType = image.png; name = 01.png; path = ../../../Downloads/Puzzle/01.png; sourceTree = "<group>"; };
		78A7B58416F024F7002AC2CE /* 02.png */ = {isa = PBXFileReference; lastKnownFileType = image.png; name = 02.png; path = ../../../Downloads/Puzzle/02.png; sourceTree = "<group>"; };
		78A7B58516F024F7002AC2CE /* 10.png */ = {isa = PBXFileReference; lastKnownFileType = image.png; name = 10.png; path = ../../../Downloads/Puzzle/10.png; sourceTree = "<group>"; };
		78A7B58616F024F7002AC2CE /* 11.png */ = {isa = PBXFileReference; lastKnownFileType = image.png; name = 11.png; path = ../../../Downloads/Puzzle/11.png; sourceTree = "<group>"; };
		78A7B58716F024F7002AC2CE /* 12.png */ = {isa = PBXFileReference; lastKnownFileType = image.png; name = 12.png; path = ../../../Downloads/Puzzle/12.png; sourceTree = "<group>"; };
		78A7B58816F024F7002AC2CE /* 20.png */ = {isa = PBXFileReference; lastKnownFileType = image.png; name = 20.png; path = ../../../Downloads/Puzzle/20.png; sourceTree = "<group>"; };
		78A7B58916F024F7002AC2CE /* 21.png */ = {isa = PBXFileReference; lastKnownFileType = image.png; name = 21.png; path = ../../../Downloads/Puzzle/21.png; sourceTree = "<group>"; };
		78A7B58A16F024F7002AC2CE /* 22.png */ = {isa = PBXFileReference; lastKnownFileType = image.png; name = 22.png; path = ../../../Downloads/Puzzle/22.png; sourceTree = "<group>"; };
		78A7B59416F0320F002AC2CE /* chinese.mp3 */ = {isa = PBXFileReference; lastKnownFileType = audio.mp3; name = chinese.mp3; path = ../../../Downloads/Button/chinese.mp3; sourceTree = "<group>"; };
		78A7B59616F03321002AC2CE /* AudioToolbox.framework */ = {isa = PBXFileReference; lastKnownFileType = wrapper.framework; name = AudioToolbox.framework; path = System/Library/Frameworks/AudioToolbox.framework; sourceTree = SDKROOT; };
/* End PBXFileReference section */

/* Begin PBXFrameworksBuildPhase section */
		78A7B55916F010A3002AC2CE /* Frameworks */ = {
			isa = PBXFrameworksBuildPhase;
			buildActionMask = 2147483647;
			files = (
				78A7B59716F03321002AC2CE /* AudioToolbox.framework in Frameworks */,
				78A7B56016F010A3002AC2CE /* UIKit.framework in Frameworks */,
				78A7B56216F010A3002AC2CE /* Foundation.framework in Frameworks */,
				78A7B56416F010A3002AC2CE /* CoreGraphics.framework in Frameworks */,
			);
			runOnlyForDeploymentPostprocessing = 0;
		};
/* End PBXFrameworksBuildPhase section */

/* Begin PBXGroup section */
		78A7B55316F010A3002AC2CE = {
			isa = PBXGroup;
			children = (
				78A7B59616F03321002AC2CE /* AudioToolbox.framework */,
				78A7B56516F010A3002AC2CE /* MyPuzzle */,
				78A7B55E16F010A3002AC2CE /* Frameworks */,
				78A7B55D16F010A3002AC2CE /* Products */,
			);
			sourceTree = "<group>";
		};
		78A7B55D16F010A3002AC2CE /* Products */ = {
			isa = PBXGroup;
			children = (
				78A7B55C16F010A3002AC2CE /* MyPuzzle.app */,
			);
			name = Products;
			sourceTree = "<group>";
		};
		78A7B55E16F010A3002AC2CE /* Frameworks */ = {
			isa = PBXGroup;
			children = (
				78A7B55F16F010A3002AC2CE /* UIKit.framework */,
				78A7B56116F010A3002AC2CE /* Foundation.framework */,
				78A7B56316F010A3002AC2CE /* CoreGraphics.framework */,
			);
			name = Frameworks;
			sourceTree = "<group>";
		};
		78A7B56516F010A3002AC2CE /* MyPuzzle */ = {
			isa = PBXGroup;
			children = (
				78A7B56E16F010A3002AC2CE /* PuzzleAppDelegate.h */,
				78A7B56F16F010A3002AC2CE /* PuzzleAppDelegate.m */,
				78A7B57F16F018CC002AC2CE /* TileView.h */,
				78A7B58016F018CC002AC2CE /* TileView.m */,
				78A7B57C16F0189C002AC2CE /* View.h */,
				78A7B57D16F0189C002AC2CE /* View.m */,
				78A7B56616F010A3002AC2CE /* Supporting Files */,
			);
			path = MyPuzzle;
			sourceTree = "<group>";
		};
		78A7B56616F010A3002AC2CE /* Supporting Files */ = {
			isa = PBXGroup;
			children = (
				78A7B59416F0320F002AC2CE /* chinese.mp3 */,
				78A7B58216F024F7002AC2CE /* 00.png */,
				78A7B58316F024F7002AC2CE /* 01.png */,
				78A7B58416F024F7002AC2CE /* 02.png */,
				78A7B58516F024F7002AC2CE /* 10.png */,
				78A7B58616F024F7002AC2CE /* 11.png */,
				78A7B58716F024F7002AC2CE /* 12.png */,
				78A7B58816F024F7002AC2CE /* 20.png */,
				78A7B58916F024F7002AC2CE /* 21.png */,
				78A7B58A16F024F7002AC2CE /* 22.png */,
				78A7B56716F010A3002AC2CE /* MyPuzzle-Info.plist */,
				78A7B56816F010A3002AC2CE /* InfoPlist.strings */,
				78A7B56B16F010A3002AC2CE /* main.m */,
				78A7B56D16F010A3002AC2CE /* MyPuzzle-Prefix.pch */,
				78A7B57116F010A3002AC2CE /* Default.png */,
				78A7B57316F010A3002AC2CE /* Default@2x.png */,
				78A7B57516F010A3002AC2CE /* Default-568h@2x.png */,
			);
			name = "Supporting Files";
			sourceTree = "<group>";
		};
/* End PBXGroup section */

/* Begin PBXNativeTarget section */
		78A7B55B16F010A3002AC2CE /* MyPuzzle */ = {
			isa = PBXNativeTarget;
			buildConfigurationList = 78A7B57916F010A3002AC2CE /* Build configuration list for PBXNativeTarget "MyPuzzle" */;
			buildPhases = (
				78A7B55816F010A3002AC2CE /* Sources */,
				78A7B55916F010A3002AC2CE /* Frameworks */,
				78A7B55A16F010A3002AC2CE /* Resources */,
			);
			buildRules = (
			);
			dependencies = (
			);
			name = MyPuzzle;
			productName = MyPuzzle;
			productReference = 78A7B55C16F010A3002AC2CE /* MyPuzzle.app */;
			productType = "com.apple.product-type.application";
		};
/* End PBXNativeTarget section */

/* Begin PBXProject section */
		78A7B55416F010A3002AC2CE /* Project object */ = {
			isa = PBXProject;
			attributes = {
				CLASSPREFIX = Puzzle;
				LastUpgradeCheck = 0460;
				ORGANIZATIONNAME = "Mike Smith";
			};
			buildConfigurationList = 78A7B55716F010A3002AC2CE /* Build configuration list for PBXProject "MyPuzzle" */;
			compatibilityVersion = "Xcode 3.2";
			developmentRegion = English;
			hasScannedForEncodings = 0;
			knownRegions = (
				en,
			);
			mainGroup = 78A7B55316F010A3002AC2CE;
			productRefGroup = 78A7B55D16F010A3002AC2CE /* Products */;
			projectDirPath = "";
			projectRoot = "";
			targets = (
				78A7B55B16F010A3002AC2CE /* MyPuzzle */,
			);
		};
/* End PBXProject section */

/* Begin PBXResourcesBuildPhase section */
		78A7B55A16F010A3002AC2CE /* Resources */ = {
			isa = PBXResourcesBuildPhase;
			buildActionMask = 2147483647;
			files = (
				78A7B56A16F010A3002AC2CE /* InfoPlist.strings in Resources */,
				78A7B57216F010A3002AC2CE /* Default.png in Resources */,
				78A7B57416F010A3002AC2CE /* Default@2x.png in Resources */,
				78A7B57616F010A3002AC2CE /* Default-568h@2x.png in Resources */,
				78A7B58B16F024F7002AC2CE /* 00.png in Resources */,
				78A7B58C16F024F7002AC2CE /* 01.png in Resources */,
				78A7B58D16F024F7002AC2CE /* 02.png in Resources */,
				78A7B58E16F024F7002AC2CE /* 10.png in Resources */,
				78A7B58F16F024F7002AC2CE /* 11.png in Resources */,
				78A7B59016F024F7002AC2CE /* 12.png in Resources */,
				78A7B59116F024F7002AC2CE /* 20.png in Resources */,
				78A7B59216F024F7002AC2CE /* 21.png in Resources */,
				78A7B59316F024F7002AC2CE /* 22.png in Resources */,
				78A7B59516F0320F002AC2CE /* chinese.mp3 in Resources */,
			);
			runOnlyForDeploymentPostprocessing = 0;
		};
/* End PBXResourcesBuildPhase section */

/* Begin PBXSourcesBuildPhase section */
		78A7B55816F010A3002AC2CE /* Sources */ = {
			isa = PBXSourcesBuildPhase;
			buildActionMask = 2147483647;
			files = (
				78A7B56C16F010A3002AC2CE /* main.m in Sources */,
				78A7B57016F010A3002AC2CE /* PuzzleAppDelegate.m in Sources */,
				78A7B57E16F0189C002AC2CE /* View.m in Sources */,
				78A7B58116F018CC002AC2CE /* TileView.m in Sources */,
			);
			runOnlyForDeploymentPostprocessing = 0;
		};
/* End PBXSourcesBuildPhase section */

/* Begin PBXVariantGroup section */
		78A7B56816F010A3002AC2CE /* InfoPlist.strings */ = {
			isa = PBXVariantGroup;
			children = (
				78A7B56916F010A3002AC2CE /* en */,
			);
			name = InfoPlist.strings;
			sourceTree = "<group>";
		};
/* End PBXVariantGroup section */

/* Begin XCBuildConfiguration section */
		78A7B57716F010A3002AC2CE /* Debug */ = {
			isa = XCBuildConfiguration;
			buildSettings = {
				ALWAYS_SEARCH_USER_PATHS = NO;
				CLANG_CXX_LANGUAGE_STANDARD = "gnu++0x";
				CLANG_CXX_LIBRARY = "libc++";
				CLANG_ENABLE_OBJC_ARC = YES;
				CLANG_WARN_CONSTANT_CONVERSION = YES;
				CLANG_WARN_EMPTY_BODY = YES;
				CLANG_WARN_ENUM_CONVERSION = YES;
				CLANG_WARN_INT_CONVERSION = YES;
				CLANG_WARN__DUPLICATE_METHOD_MATCH = YES;
				"CODE_SIGN_IDENTITY[sdk=iphoneos*]" = "iPhone Developer";
				COPY_PHASE_STRIP = NO;
				GCC_C_LANGUAGE_STANDARD = gnu99;
				GCC_DYNAMIC_NO_PIC = NO;
				GCC_OPTIMIZATION_LEVEL = 0;
				GCC_PREPROCESSOR_DEFINITIONS = (
					"DEBUG=1",
					"$(inherited)",
				);
				GCC_SYMBOLS_PRIVATE_EXTERN = NO;
				GCC_WARN_ABOUT_RETURN_TYPE = YES;
				GCC_WARN_UNINITIALIZED_AUTOS = YES;
				GCC_WARN_UNUSED_VARIABLE = YES;
				IPHONEOS_DEPLOYMENT_TARGET = 6.1;
				ONLY_ACTIVE_ARCH = YES;
				SDKROOT = iphoneos;
			};
			name = Debug;
		};
		78A7B57816F010A3002AC2CE /* Release */ = {
			isa = XCBuildConfiguration;
			buildSettings = {
				ALWAYS_SEARCH_USER_PATHS = NO;
				CLANG_CXX_LANGUAGE_STANDARD = "gnu++0x";
				CLANG_CXX_LIBRARY = "libc++";
				CLANG_ENABLE_OBJC_ARC = YES;
				CLANG_WARN_CONSTANT_CONVERSION = YES;
				CLANG_WARN_EMPTY_BODY = YES;
				CLANG_WARN_ENUM_CONVERSION = YES;
				CLANG_WARN_INT_CONVERSION = YES;
				CLANG_WARN__DUPLICATE_METHOD_MATCH = YES;
				"CODE_SIGN_IDENTITY[sdk=iphoneos*]" = "iPhone Developer";
				COPY_PHASE_STRIP = YES;
				GCC_C_LANGUAGE_STANDARD = gnu99;
				GCC_WARN_ABOUT_RETURN_TYPE = YES;
				GCC_WARN_UNINITIALIZED_AUTOS = YES;
				GCC_WARN_UNUSED_VARIABLE = YES;
				IPHONEOS_DEPLOYMENT_TARGET = 6.1;
				OTHER_CFLAGS = "-DNS_BLOCK_ASSERTIONS=1";
				SDKROOT = iphoneos;
				VALIDATE_PRODUCT = YES;
			};
			name = Release;
		};
		78A7B57A16F010A3002AC2CE /* Debug */ = {
			isa = XCBuildConfiguration;
			buildSettings = {
				GCC_PRECOMPILE_PREFIX_HEADER = YES;
				GCC_PREFIX_HEADER = "MyPuzzle/MyPuzzle-Prefix.pch";
				INFOPLIST_FILE = "MyPuzzle/MyPuzzle-Info.plist";
				PRODUCT_NAME = "$(TARGET_NAME)";
				WRAPPER_EXTENSION = app;
			};
			name = Debug;
		};
		78A7B57B16F010A3002AC2CE /* Release */ = {
			isa = XCBuildConfiguration;
			buildSettings = {
				GCC_PRECOMPILE_PREFIX_HEADER = YES;
				GCC_PREFIX_HEADER = "MyPuzzle/MyPuzzle-Prefix.pch";
				INFOPLIST_FILE = "MyPuzzle/MyPuzzle-Info.plist";
				PRODUCT_NAME = "$(TARGET_NAME)";
				WRAPPER_EXTENSION = app;
			};
			name = Release;
		};
/* End XCBuildConfiguration section */

/* Begin XCConfigurationList section */
		78A7B55716F010A3002AC2CE /* Build configuration list for PBXProject "MyPuzzle" */ = {
			isa = XCConfigurationList;
			buildConfigurations = (
				78A7B57716F010A3002AC2CE /* Debug */,
				78A7B57816F010A3002AC2CE /* Release */,
			);
			defaultConfigurationIsVisible = 0;
			defaultConfigurationName = Release;
		};
		78A7B57916F010A3002AC2CE /* Build configuration list for PBXNativeTarget "MyPuzzle" */ = {
			isa = XCConfigurationList;
			buildConfigurations = (
				78A7B57A16F010A3002AC2CE /* Debug */,
				78A7B57B16F010A3002AC2CE /* Release */,
			);
			defaultConfigurationIsVisible = 0;
		};
/* End XCConfigurationList section */
	};
	rootObject = 78A7B55416F010A3002AC2CE /* Project object */;
}
